
Microsoft Visual Studio Solution File, Format Version 12.00
# Visual Studio Version 16
VisualStudioVersion = 16.0.30804.86
MinimumVisualStudioVersion = 10.0.40219.1
Project("{FAE04EC0-301F-11D3-BF4B-00C04F79EFBC}") = "Uri1131", "Uri1131\Uri1131.csproj", "{1675FBDB-5073-4E96-9A46-D0640EB79F23}"
EndProject
Global
	GlobalSection(SolutionConfigurationPlatforms) = preSolution
		Debug|Any CPU = Debug|Any CPU
		Release|Any CPU = Release|Any CPU
	EndGlobalSection
	GlobalSection(ProjectConfigurationPlatforms) = postSolution
		{1675FBDB-5073-4E96-9A46-D0640EB79F23}.Debug|Any CPU.ActiveCfg = Debug|Any CPU
		{1675FBDB-5073-4E96-9A46-D0640EB79F23}.Debug|Any CPU.Build.0 = Debug|Any CPU
		{1675FBDB-5073-4E96-9A46-D0640EB79F23}.Release|Any CPU.ActiveCfg = Release|Any CPU
		{1675FBDB-5073-4E96-9A46-D0640EB79F23}.Release|Any CPU.Build.0 = Release|Any CPU
	EndGlobalSection
	GlobalSection(SolutionProperties) = preSolution
		HideSolutionNode = FALSE
	EndGlobalSection
	GlobalSection(ExtensibilityGlobals) = postSolution
		SolutionGuid = {587FC543-6E57-4A1B-8C68-63B4AD38F82C}
	EndGlobalSection
EndGlobal
